
Microsoft Visual Studio Solution File, Format Version 12.00
# Visual Studio Version 17
VisualStudioVersion = 17.2.32526.322
MinimumVisualStudioVersion = 10.0.40219.1
Project("{FAE04EC0-301F-11D3-BF4B-00C04F79EFBC}") = "Datastructure", "Datastructure\Datastructure.csproj", "{5C8D5040-CCC5-4F1C-8822-74ECA887261C}"
EndProject
Global
	GlobalSection(SolutionConfigurationPlatforms) = preSolution
		Debug|Any CPU = Debug|Any CPU
		Release|Any CPU = Release|Any CPU
	EndGlobalSection
	GlobalSection(ProjectConfigurationPlatforms) = postSolution
		{5C8D5040-CCC5-4F1C-8822-74ECA887261C}.Debug|Any CPU.ActiveCfg = Debug|Any CPU
		{5C8D5040-CCC5-4F1C-8822-74ECA887261C}.Debug|Any CPU.Build.0 = Debug|Any CPU
		{5C8D5040-CCC5-4F1C-8822-74ECA887261C}.Release|Any CPU.ActiveCfg = Release|Any CPU
		{5C8D5040-CCC5-4F1C-8822-74ECA887261C}.Release|Any CPU.Build.0 = Release|Any CPU
	EndGlobalSection
	GlobalSection(SolutionProperties) = preSolution
		HideSolutionNode = FALSE
	EndGlobalSection
	GlobalSection(ExtensibilityGlobals) = postSolution
		SolutionGuid = {35B21C0E-6AB8-4360-88DC-2A83107943D6}
	EndGlobalSection
EndGlobal
